{
  "name": "fixture-root",
  "version": "1.0.0",
  "lockfileVersion": 3,
  "requires": true,
  "packages": {
    "": {
      "name": "fixture-root",
      "version": "1.0.0",
      "workspaces": [
        "packages/a",
        "packages/b"
      ],
      "devDependencies": {
        "ms": "^2.1.3"
      }
    },
    "node_modules/fixture-a": {
      "resolved": "packages/a",
      "link": true
    },
    "node_modules/fixture-b": {
      "resolved": "packages/b",
      "link": true
    },
    "node_modules/ms": {
      "version": "2.1.3",
      "resolved": "https://registry.npmjs.org/ms/-/ms-2.1.3.tgz",
      "integrity": "sha512-6FlzubTLZG3J2a/NVCAleEhjzq5oxgHyaCU9yYXvcLsvoVaHJq/s5xXI6/XXP6tz7R9xAOtHnSO/tXtF3WRTlA==",
      "dev": true,
      "license": "MIT"
    },
    "node_modules/semver": {
      "version": "7.8.5",
      "resolved": "https://registry.npmjs.org/semver/-/semver-7.8.5.tgz",
      "integrity": "sha512-Y7/KDsb8LjooZpwaqGyulO6DQlksgCncchHGk+sZIY4SBvUocMBEFH5Ur1fI4dV+Jvl0w6cjvucaIi40puRioA==",
      "license": "ISC",
      "bin": {
        "semver": "bin/semver.js"
      },
      "engines": {
        "node": ">=10"
      }
    },
    "node_modules/tslib": {
      "version": "2.8.1",
      "resolved": "https://registry.npmjs.org/tslib/-/tslib-2.8.1.tgz",
      "integrity": "sha512-oJFu94HQb+KVduSUQL7wnpmqnfmLsOA/nAh6b6EH0wCEoK0/mPeXU6c3wKDV83MkOuHPRHtSXKKU99IBazS/2w==",
      "license": "0BSD"
    },
    "packages/a": {
      "name": "fixture-a",
      "version": "1.0.0",
      "dependencies": {
        "semver": "^7.6.0"
      },
      "devDependencies": {
        "ms": "^2.1.3"
      }
    },
    "packages/b": {
      "name": "fixture-b",
      "version": "2.0.0",
      "dependencies": {
        "tslib": "^2.6.0"
      },
      "devDependencies": {
        "semver": "^7.6.0"
      }
    }
  }
}
